
Microsoft Visual Studio Solution File, Format Version 12.00
# Visual Studio Version 17
VisualStudioVersion = 17.6.33829.357
MinimumVisualStudioVersion = 10.0.40219.1
Project("{FAE04EC0-301F-11D3-BF4B-00C04F79EFBC}") = "MVC_ON_Ecomm_APP", "MVC_ON_Ecomm_APP\MVC_ON_Ecomm_APP.csproj", "{95260887-FEF0-4F7F-88BA-71971EE9C62C}"
EndProject
Global
	GlobalSection(SolutionConfigurationPlatforms) = preSolution
		Debug|Any CPU = Debug|Any CPU
		Release|Any CPU = Release|Any CPU
	EndGlobalSection
	GlobalSection(ProjectConfigurationPlatforms) = postSolution
		{95260887-FEF0-4F7F-88BA-71971EE9C62C}.Debug|Any CPU.ActiveCfg = Debug|Any CPU
		{95260887-FEF0-4F7F-88BA-71971EE9C62C}.Debug|Any CPU.Build.0 = Debug|Any CPU
		{95260887-FEF0-4F7F-88BA-71971EE9C62C}.Release|Any CPU.ActiveCfg = Release|Any CPU
		{95260887-FEF0-4F7F-88BA-71971EE9C62C}.Release|Any CPU.Build.0 = Release|Any CPU
	EndGlobalSection
	GlobalSection(SolutionProperties) = preSolution
		HideSolutionNode = FALSE
	EndGlobalSection
	GlobalSection(ExtensibilityGlobals) = postSolution
		SolutionGuid = {894188D9-69AF-43DB-96B4-1F7EBAC7AF7E}
	EndGlobalSection
EndGlobal
